
Microsoft Visual Studio Solution File, Format Version 12.00
# Visual Studio Version 16
VisualStudioVersion = 16.0.30128.74
MinimumVisualStudioVersion = 10.0.40219.1
Project("{9A19103F-16F7-4668-BE54-9A1E7A4F7556}") = "ContactApp.Core", "ContactApp.Core\ContactApp.Core.csproj", "{98E1FC77-D6DB-42AC-BD07-F14C3F71BC6D}"
EndProject
Project("{9A19103F-16F7-4668-BE54-9A1E7A4F7556}") = "ContactApp", "ContactApp\ContactApp.csproj", "{3FB18EE5-B463-4B1E-AEDF-1CB840E6F9E9}"
	ProjectSection(ProjectDependencies) = postProject
		{98E1FC77-D6DB-42AC-BD07-F14C3F71BC6D} = {98E1FC77-D6DB-42AC-BD07-F14C3F71BC6D}
	EndProjectSection
EndProject
Project("{FAE04EC0-301F-11D3-BF4B-00C04F79EFBC}") = "ContactApp.Web", "ContactApp.Web\ContactApp.Web.csproj", "{43A6184E-3A9E-4CD2-A357-40E4540DEDF8}"
EndProject
Global
	GlobalSection(SolutionConfigurationPlatforms) = preSolution
		Debug|Any CPU = Debug|Any CPU
		Release|Any CPU = Release|Any CPU
	EndGlobalSection
	GlobalSection(ProjectConfigurationPlatforms) = postSolution
		{98E1FC77-D6DB-42AC-BD07-F14C3F71BC6D}.Debug|Any CPU.ActiveCfg = Debug|Any CPU
		{98E1FC77-D6DB-42AC-BD07-F14C3F71BC6D}.Debug|Any CPU.Build.0 = Debug|Any CPU
		{98E1FC77-D6DB-42AC-BD07-F14C3F71BC6D}.Release|Any CPU.ActiveCfg = Release|Any CPU
		{98E1FC77-D6DB-42AC-BD07-F14C3F71BC6D}.Release|Any CPU.Build.0 = Release|Any CPU
		{3FB18EE5-B463-4B1E-AEDF-1CB840E6F9E9}.Debug|Any CPU.ActiveCfg = Debug|Any CPU
		{3FB18EE5-B463-4B1E-AEDF-1CB840E6F9E9}.Debug|Any CPU.Build.0 = Debug|Any CPU
		{3FB18EE5-B463-4B1E-AEDF-1CB840E6F9E9}.Release|Any CPU.ActiveCfg = Release|Any CPU
		{3FB18EE5-B463-4B1E-AEDF-1CB840E6F9E9}.Release|Any CPU.Build.0 = Release|Any CPU
		{43A6184E-3A9E-4CD2-A357-40E4540DEDF8}.Debug|Any CPU.ActiveCfg = Debug|Any CPU
		{43A6184E-3A9E-4CD2-A357-40E4540DEDF8}.Debug|Any CPU.Build.0 = Debug|Any CPU
		{43A6184E-3A9E-4CD2-A357-40E4540DEDF8}.Release|Any CPU.ActiveCfg = Release|Any CPU
		{43A6184E-3A9E-4CD2-A357-40E4540DEDF8}.Release|Any CPU.Build.0 = Release|Any CPU
	EndGlobalSection
	GlobalSection(SolutionProperties) = preSolution
		HideSolutionNode = FALSE
	EndGlobalSection
	GlobalSection(ExtensibilityGlobals) = postSolution
		SolutionGuid = {718D5AB1-DB5A-44D7-8D58-71728BD2F3F5}
	EndGlobalSection
EndGlobal
